
Microsoft Visual Studio Solution File, Format Version 12.00
# Visual Studio Version 16
VisualStudioVersion = 16.0.29806.167
MinimumVisualStudioVersion = 10.0.40219.1
Project("{8BC9CEB8-8B4A-11D0-8D11-00A0C91BC942}") = "fftw", "fftw\fftw.vcxproj", "{95B1BF53-3FD0-490A-92AB-041A39CFC14F}"
EndProject
Global
	GlobalSection(SolutionConfigurationPlatforms) = preSolution
		Debug|x64 = Debug|x64
		Debug|x86 = Debug|x86
		Release|x64 = Release|x64
		Release|x86 = Release|x86
	EndGlobalSection
	GlobalSection(ProjectConfigurationPlatforms) = postSolution
		{95B1BF53-3FD0-490A-92AB-041A39CFC14F}.Debug|x64.ActiveCfg = Debug|x64
		{95B1BF53-3FD0-490A-92AB-041A39CFC14F}.Debug|x64.Build.0 = Debug|x64
		{95B1BF53-3FD0-490A-92AB-041A39CFC14F}.Debug|x86.ActiveCfg = Debug|Win32
		{95B1BF53-3FD0-490A-92AB-041A39CFC14F}.Debug|x86.Build.0 = Debug|Win32
		{95B1BF53-3FD0-490A-92AB-041A39CFC14F}.Release|x64.ActiveCfg = Release|x64
		{95B1BF53-3FD0-490A-92AB-041A39CFC14F}.Release|x64.Build.0 = Release|x64
		{95B1BF53-3FD0-490A-92AB-041A39CFC14F}.Release|x86.ActiveCfg = Release|Win32
		{95B1BF53-3FD0-490A-92AB-041A39CFC14F}.Release|x86.Build.0 = Release|Win32
	EndGlobalSection
	GlobalSection(SolutionProperties) = preSolution
		HideSolutionNode = FALSE
	EndGlobalSection
	GlobalSection(ExtensibilityGlobals) = postSolution
		SolutionGuid = {5BEBC359-6680-4B66-8BB6-E2C449A7FE35}
	EndGlobalSection
EndGlobal
