<?xml version="1.0" encoding="utf-8"?>
<Project ToolsVersion="4.0" xmlns="http://schemas.microsoft.com/developer/msbuild/2003">
  <ItemGroup>
    <Filter Include="Archivos de origen">
      <UniqueIdentifier>{4FC737F1-C7A5-4376-A066-2A32D752A2FF}</UniqueIdentifier>
      <Extensions>cpp;c;cc;cxx;def;odl;idl;hpj;bat;asm;asmx</Extensions>
    </Filter>
    <Filter Include="Archivos de encabezado">
      <UniqueIdentifier>{93995380-89BD-4b04-88EB-625FBE52EBFB}</UniqueIdentifier>
      <Extensions>h;hh;hpp;hxx;hm;inl;inc;ipp;xsd</Extensions>
    </Filter>
    <Filter Include="Archivos de recursos">
      <UniqueIdentifier>{67DA6AB6-F800-4c08-8B7A-83BB121AAD01}</UniqueIdentifier>
      <Extensions>rc;ico;cur;bmp;dlg;rc2;rct;bin;rgs;gif;jpg;jpeg;jpe;resx;tiff;tif;png;wav;mfcribbon-ms</Extensions>
    </Filter>
  </ItemGroup>
  <ItemGroup>
    <ClInclude Include="config.h">
      <Filter>Archivos de encabezado</Filter>
    </ClInclude>
    <ClInclude Include="fftw.h">
      <Filter>Archivos de encabezado</Filter>
    </ClInclude>
    <ClInclude Include="fftw-int.h">
      <Filter>Archivos de encabezado</Filter>
    </ClInclude>
    <ClInclude Include="times.h">
      <Filter>Archivos de encabezado</Filter>
    </ClInclude>
  </ItemGroup>
  <ItemGroup>
    <ClCompile Include="config.c">
      <Filter>Archivos de origen</Filter>
    </ClCompile>
    <ClCompile Include="ftwi_64.c">
      <Filter>Archivos de origen</Filter>
    </ClCompile>
    <ClCompile Include="ftwi_32.c">
      <Filter>Archivos de origen</Filter>
    </ClCompile>
    <ClCompile Include="ftw_64.c">
      <Filter>Archivos de origen</Filter>
    </ClCompile>
    <ClCompile Include="ftwi_16.c">
      <Filter>Archivos de origen</Filter>
    </ClCompile>
    <ClCompile Include="ftwi_9.c">
      <Filter>Archivos de origen</Filter>
    </ClCompile>
    <ClCompile Include="ftwi_10.c">
      <Filter>Archivos de origen</Filter>
    </ClCompile>
    <ClCompile Include="ftwi_8.c">
      <Filter>Archivos de origen</Filter>
    </ClCompile>
    <ClCompile Include="ftwi_7.c">
      <Filter>Archivos de origen</Filter>
    </ClCompile>
    <ClCompile Include="ftwi_5.c">
      <Filter>Archivos de origen</Filter>
    </ClCompile>
    <ClCompile Include="ftwi_6.c">
      <Filter>Archivos de origen</Filter>
    </ClCompile>
    <ClCompile Include="ftwi_3.c">
      <Filter>Archivos de origen</Filter>
    </ClCompile>
    <ClCompile Include="ftwi_4.c">
      <Filter>Archivos de origen</Filter>
    </ClCompile>
    <ClCompile Include="ftwi_2.c">
      <Filter>Archivos de origen</Filter>
    </ClCompile>
    <ClCompile Include="ftw_32.c">
      <Filter>Archivos de origen</Filter>
    </ClCompile>
    <ClCompile Include="fni_64.c">
      <Filter>Archivos de origen</Filter>
    </ClCompile>
    <ClCompile Include="ftw_16.c">
      <Filter>Archivos de origen</Filter>
    </ClCompile>
    <ClCompile Include="ftw_10.c">
      <Filter>Archivos de origen</Filter>
    </ClCompile>
    <ClCompile Include="ftw_9.c">
      <Filter>Archivos de origen</Filter>
    </ClCompile>
    <ClCompile Include="ftw_8.c">
      <Filter>Archivos de origen</Filter>
    </ClCompile>
    <ClCompile Include="ftw_7.c">
      <Filter>Archivos de origen</Filter>
    </ClCompile>
    <ClCompile Include="ftw_6.c">
      <Filter>Archivos de origen</Filter>
    </ClCompile>
    <ClCompile Include="ftw_4.c">
      <Filter>Archivos de origen</Filter>
    </ClCompile>
    <ClCompile Include="ftw_5.c">
      <Filter>Archivos de origen</Filter>
    </ClCompile>
    <ClCompile Include="ftw_2.c">
      <Filter>Archivos de origen</Filter>
    </ClCompile>
    <ClCompile Include="ftw_3.c">
      <Filter>Archivos de origen</Filter>
    </ClCompile>
    <ClCompile Include="fni_32.c">
      <Filter>Archivos de origen</Filter>
    </ClCompile>
    <ClCompile Include="fni_14.c">
      <Filter>Archivos de origen</Filter>
    </ClCompile>
    <ClCompile Include="fni_16.c">
      <Filter>Archivos de origen</Filter>
    </ClCompile>
    <ClCompile Include="fni_15.c">
      <Filter>Archivos de origen</Filter>
    </ClCompile>
    <ClCompile Include="fn_64.c">
      <Filter>Archivos de origen</Filter>
    </ClCompile>
    <ClCompile Include="fni_13.c">
      <Filter>Archivos de origen</Filter>
    </ClCompile>
    <ClCompile Include="fni_11.c">
      <Filter>Archivos de origen</Filter>
    </ClCompile>
    <ClCompile Include="fni_12.c">
      <Filter>Archivos de origen</Filter>
    </ClCompile>
    <ClCompile Include="fni_10.c">
      <Filter>Archivos de origen</Filter>
    </ClCompile>
    <ClCompile Include="fni_9.c">
      <Filter>Archivos de origen</Filter>
    </ClCompile>
    <ClCompile Include="fni_7.c">
      <Filter>Archivos de origen</Filter>
    </ClCompile>
    <ClCompile Include="fni_8.c">
      <Filter>Archivos de origen</Filter>
    </ClCompile>
    <ClCompile Include="fni_6.c">
      <Filter>Archivos de origen</Filter>
    </ClCompile>
    <ClCompile Include="fni_5.c">
      <Filter>Archivos de origen</Filter>
    </ClCompile>
    <ClCompile Include="fni_1.c">
      <Filter>Archivos de origen</Filter>
    </ClCompile>
    <ClCompile Include="fni_2.c">
      <Filter>Archivos de origen</Filter>
    </ClCompile>
    <ClCompile Include="fni_3.c">
      <Filter>Archivos de origen</Filter>
    </ClCompile>
    <ClCompile Include="fni_4.c">
      <Filter>Archivos de origen</Filter>
    </ClCompile>
    <ClCompile Include="fn_32.c">
      <Filter>Archivos de origen</Filter>
    </ClCompile>
    <ClCompile Include="fn_11.c">
      <Filter>Archivos de origen</Filter>
    </ClCompile>
    <ClCompile Include="fn_14.c">
      <Filter>Archivos de origen</Filter>
    </ClCompile>
    <ClCompile Include="fn_16.c">
      <Filter>Archivos de origen</Filter>
    </ClCompile>
    <ClCompile Include="fn_13.c">
      <Filter>Archivos de origen</Filter>
    </ClCompile>
    <ClCompile Include="fn_15.c">
      <Filter>Archivos de origen</Filter>
    </ClCompile>
    <ClCompile Include="fn_7.c">
      <Filter>Archivos de origen</Filter>
    </ClCompile>
    <ClCompile Include="fn_12.c">
      <Filter>Archivos de origen</Filter>
    </ClCompile>
    <ClCompile Include="fn_9.c">
      <Filter>Archivos de origen</Filter>
    </ClCompile>
    <ClCompile Include="fn_10.c">
      <Filter>Archivos de origen</Filter>
    </ClCompile>
    <ClCompile Include="fn_5.c">
      <Filter>Archivos de origen</Filter>
    </ClCompile>
    <ClCompile Include="fn_6.c">
      <Filter>Archivos de origen</Filter>
    </ClCompile>
    <ClCompile Include="fn_8.c">
      <Filter>Archivos de origen</Filter>
    </ClCompile>
    <ClCompile Include="fn_1.c">
      <Filter>Archivos de origen</Filter>
    </ClCompile>
    <ClCompile Include="fn_2.c">
      <Filter>Archivos de origen</Filter>
    </ClCompile>
    <ClCompile Include="fn_3.c">
      <Filter>Archivos de origen</Filter>
    </ClCompile>
    <ClCompile Include="fn_4.c">
      <Filter>Archivos de origen</Filter>
    </ClCompile>
    <ClCompile Include="fftwf77.c">
      <Filter>Archivos de origen</Filter>
    </ClCompile>
    <ClCompile Include="executor.c">
      <Filter>Archivos de origen</Filter>
    </ClCompile>
    <ClCompile Include="fftwnd.c">
      <Filter>Archivos de origen</Filter>
    </ClCompile>
    <ClCompile Include="malloc.c">
      <Filter>Archivos de origen</Filter>
    </ClCompile>
    <ClCompile Include="planner.c">
      <Filter>Archivos de origen</Filter>
    </ClCompile>
    <ClCompile Include="putils.c">
      <Filter>Archivos de origen</Filter>
    </ClCompile>
    <ClCompile Include="timer.c">
      <Filter>Archivos de origen</Filter>
    </ClCompile>
    <ClCompile Include="twiddle.c">
      <Filter>Archivos de origen</Filter>
    </ClCompile>
    <ClCompile Include="generic.c">
      <Filter>Archivos de origen</Filter>
    </ClCompile>
    <ClCompile Include="rader.c">
      <Filter>Archivos de origen</Filter>
    </ClCompile>
    <ClCompile Include="wisdom.c">
      <Filter>Archivos de origen</Filter>
    </ClCompile>
    <ClCompile Include="wisdomio.c">
      <Filter>Archivos de origen</Filter>
    </ClCompile>
  </ItemGroup>
</Project>